
Microsoft Visual Studio Solution File, Format Version 12.00
# Visual Studio Version 16
VisualStudioVersion = 16.0.29326.143
MinimumVisualStudioVersion = 10.0.40219.1
Project("{FAE04EC0-301F-11D3-BF4B-00C04F79EFBC}") = "practic1_client", "practic1\practic1_client.csproj", "{A59A09FC-96AF-489A-92AF-513D3757914C}"
EndProject
Project("{FAE04EC0-301F-11D3-BF4B-00C04F79EFBC}") = "practic1_server", "practic1_server\practic1_server.csproj", "{185497B9-3CE6-432D-9E1B-E39E8435D312}"
EndProject
Project("{FAE04EC0-301F-11D3-BF4B-00C04F79EFBC}") = "practic2_client", "practic2_client\practic2_client.csproj", "{D5C2F837-29F9-418F-B9C2-A08046E18E02}"
EndProject
Project("{FAE04EC0-301F-11D3-BF4B-00C04F79EFBC}") = "practic2_server", "practic2_server\practic2_server.csproj", "{B07C2571-A971-4857-8FA6-41ECC0321350}"
EndProject
Project("{FAE04EC0-301F-11D3-BF4B-00C04F79EFBC}") = "ex1_client", "ex1_client\ex1_client.csproj", "{7696B7B4-CCC5-465F-87AB-B1D888366EC2}"
EndProject
Project("{FAE04EC0-301F-11D3-BF4B-00C04F79EFBC}") = "ex1_server", "ex1_server\ex1_server.csproj", "{5E29A459-4343-4F8F-892B-B43F9EC3206F}"
EndProject
Project("{FAE04EC0-301F-11D3-BF4B-00C04F79EFBC}") = "ex3_server", "ex3_server\ex3_server.csproj", "{3547BBFB-1D93-4301-8E4F-80633C19911D}"
EndProject
Project("{FAE04EC0-301F-11D3-BF4B-00C04F79EFBC}") = "Ex3_client", "Ex3_client\Ex3_client.csproj", "{746D652B-A901-4A40-8E4F-AA6E3C158351}"
EndProject
Project("{FAE04EC0-301F-11D3-BF4B-00C04F79EFBC}") = "ex2_client", "ex2_client\ex2_client.csproj", "{D791B24F-C10E-49BB-8EE4-91B673D208A1}"
EndProject
Project("{FAE04EC0-301F-11D3-BF4B-00C04F79EFBC}") = "ex2_server", "ex2_server\ex2_server.csproj", "{3216E219-0F25-4D73-B290-8266259A9605}"
EndProject
Global
	GlobalSection(SolutionConfigurationPlatforms) = preSolution
		Debug|Any CPU = Debug|Any CPU
		Release|Any CPU = Release|Any CPU
	EndGlobalSection
	GlobalSection(ProjectConfigurationPlatforms) = postSolution
		{A59A09FC-96AF-489A-92AF-513D3757914C}.Debug|Any CPU.ActiveCfg = Debug|Any CPU
		{A59A09FC-96AF-489A-92AF-513D3757914C}.Debug|Any CPU.Build.0 = Debug|Any CPU
		{A59A09FC-96AF-489A-92AF-513D3757914C}.Release|Any CPU.ActiveCfg = Release|Any CPU
		{A59A09FC-96AF-489A-92AF-513D3757914C}.Release|Any CPU.Build.0 = Release|Any CPU
		{185497B9-3CE6-432D-9E1B-E39E8435D312}.Debug|Any CPU.ActiveCfg = Debug|Any CPU
		{185497B9-3CE6-432D-9E1B-E39E8435D312}.Debug|Any CPU.Build.0 = Debug|Any CPU
		{185497B9-3CE6-432D-9E1B-E39E8435D312}.Release|Any CPU.ActiveCfg = Release|Any CPU
		{185497B9-3CE6-432D-9E1B-E39E8435D312}.Release|Any CPU.Build.0 = Release|Any CPU
		{D5C2F837-29F9-418F-B9C2-A08046E18E02}.Debug|Any CPU.ActiveCfg = Debug|Any CPU
		{D5C2F837-29F9-418F-B9C2-A08046E18E02}.Debug|Any CPU.Build.0 = Debug|Any CPU
		{D5C2F837-29F9-418F-B9C2-A08046E18E02}.Release|Any CPU.ActiveCfg = Release|Any CPU
		{D5C2F837-29F9-418F-B9C2-A08046E18E02}.Release|Any CPU.Build.0 = Release|Any CPU
		{B07C2571-A971-4857-8FA6-41ECC0321350}.Debug|Any CPU.ActiveCfg = Debug|Any CPU
		{B07C2571-A971-4857-8FA6-41ECC0321350}.Debug|Any CPU.Build.0 = Debug|Any CPU
		{B07C2571-A971-4857-8FA6-41ECC0321350}.Release|Any CPU.ActiveCfg = Release|Any CPU
		{B07C2571-A971-4857-8FA6-41ECC0321350}.Release|Any CPU.Build.0 = Release|Any CPU
		{7696B7B4-CCC5-465F-87AB-B1D888366EC2}.Debug|Any CPU.ActiveCfg = Debug|Any CPU
		{7696B7B4-CCC5-465F-87AB-B1D888366EC2}.Debug|Any CPU.Build.0 = Debug|Any CPU
		{7696B7B4-CCC5-465F-87AB-B1D888366EC2}.Release|Any CPU.ActiveCfg = Release|Any CPU
		{7696B7B4-CCC5-465F-87AB-B1D888366EC2}.Release|Any CPU.Build.0 = Release|Any CPU
		{5E29A459-4343-4F8F-892B-B43F9EC3206F}.Debug|Any CPU.ActiveCfg = Debug|Any CPU
		{5E29A459-4343-4F8F-892B-B43F9EC3206F}.Debug|Any CPU.Build.0 = Debug|Any CPU
		{5E29A459-4343-4F8F-892B-B43F9EC3206F}.Release|Any CPU.ActiveCfg = Release|Any CPU
		{5E29A459-4343-4F8F-892B-B43F9EC3206F}.Release|Any CPU.Build.0 = Release|Any CPU
		{3547BBFB-1D93-4301-8E4F-80633C19911D}.Debug|Any CPU.ActiveCfg = Debug|Any CPU
		{3547BBFB-1D93-4301-8E4F-80633C19911D}.Debug|Any CPU.Build.0 = Debug|Any CPU
		{3547BBFB-1D93-4301-8E4F-80633C19911D}.Release|Any CPU.ActiveCfg = Release|Any CPU
		{3547BBFB-1D93-4301-8E4F-80633C19911D}.Release|Any CPU.Build.0 = Release|Any CPU
		{746D652B-A901-4A40-8E4F-AA6E3C158351}.Debug|Any CPU.ActiveCfg = Debug|Any CPU
		{746D652B-A901-4A40-8E4F-AA6E3C158351}.Debug|Any CPU.Build.0 = Debug|Any CPU
		{746D652B-A901-4A40-8E4F-AA6E3C158351}.Release|Any CPU.ActiveCfg = Release|Any CPU
		{746D652B-A901-4A40-8E4F-AA6E3C158351}.Release|Any CPU.Build.0 = Release|Any CPU
		{D791B24F-C10E-49BB-8EE4-91B673D208A1}.Debug|Any CPU.ActiveCfg = Debug|Any CPU
		{D791B24F-C10E-49BB-8EE4-91B673D208A1}.Debug|Any CPU.Build.0 = Debug|Any CPU
		{D791B24F-C10E-49BB-8EE4-91B673D208A1}.Release|Any CPU.ActiveCfg = Release|Any CPU
		{D791B24F-C10E-49BB-8EE4-91B673D208A1}.Release|Any CPU.Build.0 = Release|Any CPU
		{3216E219-0F25-4D73-B290-8266259A9605}.Debug|Any CPU.ActiveCfg = Debug|Any CPU
		{3216E219-0F25-4D73-B290-8266259A9605}.Debug|Any CPU.Build.0 = Debug|Any CPU
		{3216E219-0F25-4D73-B290-8266259A9605}.Release|Any CPU.ActiveCfg = Release|Any CPU
		{3216E219-0F25-4D73-B290-8266259A9605}.Release|Any CPU.Build.0 = Release|Any CPU
	EndGlobalSection
	GlobalSection(SolutionProperties) = preSolution
		HideSolutionNode = FALSE
	EndGlobalSection
	GlobalSection(ExtensibilityGlobals) = postSolution
		SolutionGuid = {25E6F536-7A41-4943-B31B-E945D5FB3F8F}
	EndGlobalSection
EndGlobal
